
Microsoft Visual Studio Solution File, Format Version 12.00
# Visual Studio Version 17
VisualStudioVersion = 17.3.32804.467
MinimumVisualStudioVersion = 10.0.40219.1
Project("{FAE04EC0-301F-11D3-BF4B-00C04F79EFBC}") = "CovidWorld", "WpfApp11\CovidWorld.csproj", "{D899D9BA-2B1A-4798-8BE6-937A646E42CB}"
EndProject
Global
	GlobalSection(SolutionConfigurationPlatforms) = preSolution
		Debug|Any CPU = Debug|Any CPU
		Release|Any CPU = Release|Any CPU
	EndGlobalSection
	GlobalSection(ProjectConfigurationPlatforms) = postSolution
		{D899D9BA-2B1A-4798-8BE6-937A646E42CB}.Debug|Any CPU.ActiveCfg = Debug|Any CPU
		{D899D9BA-2B1A-4798-8BE6-937A646E42CB}.Debug|Any CPU.Build.0 = Debug|Any CPU
		{D899D9BA-2B1A-4798-8BE6-937A646E42CB}.Release|Any CPU.ActiveCfg = Release|Any CPU
		{D899D9BA-2B1A-4798-8BE6-937A646E42CB}.Release|Any CPU.Build.0 = Release|Any CPU
	EndGlobalSection
	GlobalSection(SolutionProperties) = preSolution
		HideSolutionNode = FALSE
	EndGlobalSection
	GlobalSection(ExtensibilityGlobals) = postSolution
		SolutionGuid = {BE8DB6E6-0AF5-4AB8-B1D4-6E38F8379590}
	EndGlobalSection
EndGlobal
